
Microsoft Visual Studio Solution File, Format Version 12.00
# Visual Studio Version 17
VisualStudioVersion = 17.0.31919.166
MinimumVisualStudioVersion = 10.0.40219.1
Project("{9A19103F-16F7-4668-BE54-9A1E7A4F7556}") = "ApplicationInsightsForwarder", "ApplicationInsightsForwarder\ApplicationInsightsForwarder.csproj", "{5D1B5637-9B86-44C9-8C4B-8AE468ED175C}"
EndProject
Project("{9A19103F-16F7-4668-BE54-9A1E7A4F7556}") = "ApplicationInsights2OLTP", "ApplicationInsights2OLTP\ApplicationInsights2OLTP.csproj", "{4F41F104-8FED-40B4-B372-75788F82F592}"
EndProject
Project("{2150E333-8FDC-42A3-9474-1A3956D46DE8}") = "Solution Items", "Solution Items", "{2B32C782-BED1-45F7-8FF6-8919C2307D78}"
	ProjectSection(SolutionItems) = preProject
		LICENSE = LICENSE
		otel_collector_config.yaml = otel_collector_config.yaml
		readme.md = readme.md
	EndProjectSection
EndProject
Project("{FAE04EC0-301F-11D3-BF4B-00C04F79EFBC}") = "ApplicationInsightsForwarderWorker", "ApplicationInsightsForwarderWorker\ApplicationInsightsForwarderWorker.csproj", "{95B9CB3E-6FF6-44AA-BA16-ED3B59114BBE}"
EndProject
Global
	GlobalSection(SolutionConfigurationPlatforms) = preSolution
		Debug|Any CPU = Debug|Any CPU
		Release|Any CPU = Release|Any CPU
	EndGlobalSection
	GlobalSection(ProjectConfigurationPlatforms) = postSolution
		{5D1B5637-9B86-44C9-8C4B-8AE468ED175C}.Debug|Any CPU.ActiveCfg = Debug|Any CPU
		{5D1B5637-9B86-44C9-8C4B-8AE468ED175C}.Debug|Any CPU.Build.0 = Debug|Any CPU
		{5D1B5637-9B86-44C9-8C4B-8AE468ED175C}.Release|Any CPU.ActiveCfg = Release|Any CPU
		{5D1B5637-9B86-44C9-8C4B-8AE468ED175C}.Release|Any CPU.Build.0 = Release|Any CPU
		{4F41F104-8FED-40B4-B372-75788F82F592}.Debug|Any CPU.ActiveCfg = Debug|Any CPU
		{4F41F104-8FED-40B4-B372-75788F82F592}.Debug|Any CPU.Build.0 = Debug|Any CPU
		{4F41F104-8FED-40B4-B372-75788F82F592}.Release|Any CPU.ActiveCfg = Release|Any CPU
		{4F41F104-8FED-40B4-B372-75788F82F592}.Release|Any CPU.Build.0 = Release|Any CPU
		{95B9CB3E-6FF6-44AA-BA16-ED3B59114BBE}.Debug|Any CPU.ActiveCfg = Debug|Any CPU
		{95B9CB3E-6FF6-44AA-BA16-ED3B59114BBE}.Debug|Any CPU.Build.0 = Debug|Any CPU
		{95B9CB3E-6FF6-44AA-BA16-ED3B59114BBE}.Release|Any CPU.ActiveCfg = Release|Any CPU
		{95B9CB3E-6FF6-44AA-BA16-ED3B59114BBE}.Release|Any CPU.Build.0 = Release|Any CPU
	EndGlobalSection
	GlobalSection(SolutionProperties) = preSolution
		HideSolutionNode = FALSE
	EndGlobalSection
	GlobalSection(ExtensibilityGlobals) = postSolution
		SolutionGuid = {90617CB6-BAC3-4ED5-A84D-BE7DB7ED8912}
	EndGlobalSection
EndGlobal
